<?xml version="1.0" encoding="utf-8"?>
<Project ToolsVersion="4.0" xmlns="http://schemas.microsoft.com/developer/msbuild/2003">
  <ItemGroup>
    <Filter Include="Source Files">
      <UniqueIdentifier>{4FC737F1-C7A5-4376-A066-2A32D752A2FF}</UniqueIdentifier>
      <Extensions>cpp;c;cc;cxx;def;odl;idl;hpj;bat;asm;asmx</Extensions>
    </Filter>
    <Filter Include="Header Files">
      <UniqueIdentifier>{93995380-89BD-4b04-88EB-625FBE52EBFB}</UniqueIdentifier>
      <Extensions>h;hh;hpp;hxx;hm;inl;inc;xsd</Extensions>
    </Filter>
    <Filter Include="Resource Files">
      <UniqueIdentifier>{67DA6AB6-F800-4c08-8B7A-83BB121AAD01}</UniqueIdentifier>
      <Extensions>rc;ico;cur;bmp;dlg;rc2;rct;bin;rgs;gif;jpg;jpeg;jpe;resx;tiff;tif;png;wav</Extensions>
    </Filter>
  </ItemGroup>
  <ItemGroup>
    <ClCompile Include="basefuntion\AdminRun.cpp">
      <Filter>Source Files</Filter>
    </ClCompile>
    <ClCompile Include="basefuntion\aes.cpp">
      <Filter>Source Files</Filter>
    </ClCompile>
    <ClCompile Include="basefuntion\BASE64.cpp">
      <Filter>Source Files</Filter>
    </ClCompile>
    <ClCompile Include="basefuntion\BaseFuntion.cpp">
      <Filter>Source Files</Filter>
    </ClCompile>
    <ClCompile Include="basefuntion\dllmain.cpp">
      <Filter>Source Files</Filter>
    </ClCompile>
    <ClCompile Include="basefuntion\Encoding.cpp">
      <Filter>Source Files</Filter>
    </ClCompile>
    <ClCompile Include="basefuntion\md5.cpp">
      <Filter>Source Files</Filter>
    </ClCompile>
    <ClCompile Include="basefuntion\network.cpp">
      <Filter>Source Files</Filter>
    </ClCompile>
    <ClCompile Include="basefuntion\rc4.cpp">
      <Filter>Source Files</Filter>
    </ClCompile>
    <ClCompile Include="basefuntion\stdafx.cpp">
      <Filter>Source Files</Filter>
    </ClCompile>
    <ClCompile Include="basefuntion\ZTECheckCode.cpp">
      <Filter>Source Files</Filter>
    </ClCompile>
    <ClCompile Include="http\dllmain.cpp">
      <Filter>Source Files</Filter>
    </ClCompile>
    <ClCompile Include="http\Encoding.cpp">
      <Filter>Source Files</Filter>
    </ClCompile>
    <ClCompile Include="http\hmac_sha1.cpp">
      <Filter>Source Files</Filter>
    </ClCompile>
    <ClCompile Include="http\http.cpp">
      <Filter>Source Files</Filter>
    </ClCompile>
    <ClCompile Include="http\stdafx.cpp">
      <Filter>Source Files</Filter>
    </ClCompile>
    <ClCompile Include="http\tcp_connect.cpp">
      <Filter>Source Files</Filter>
    </ClCompile>
    <ClCompile Include="logger\dllmain.cpp">
      <Filter>Source Files</Filter>
    </ClCompile>
    <ClCompile Include="logger\Logger.cpp">
      <Filter>Source Files</Filter>
    </ClCompile>
    <ClCompile Include="logger\stdafx.cpp">
      <Filter>Source Files</Filter>
    </ClCompile>
    <ClCompile Include="logger\port\elog_port.cpp">
      <Filter>Source Files</Filter>
    </ClCompile>
    <ClCompile Include="logger\src\elog.cpp">
      <Filter>Source Files</Filter>
    </ClCompile>
    <ClCompile Include="logger\src\elog_utils.cpp">
      <Filter>Source Files</Filter>
    </ClCompile>
    <ClCompile Include="weather\dllmain.cpp">
      <Filter>Source Files</Filter>
    </ClCompile>
    <ClCompile Include="weather\stdafx.cpp">
      <Filter>Source Files</Filter>
    </ClCompile>
    <ClCompile Include="weather\Weather.cpp">
      <Filter>Source Files</Filter>
    </ClCompile>
  </ItemGroup>
  <ItemGroup>
    <ClInclude Include="api\BaseFuntion.h">
      <Filter>Header Files</Filter>
    </ClInclude>
    <ClInclude Include="api\elog.h">
      <Filter>Header Files</Filter>
    </ClInclude>
    <ClInclude Include="api\elog_cfg.h">
      <Filter>Header Files</Filter>
    </ClInclude>
    <ClInclude Include="api\http.h">
      <Filter>Header Files</Filter>
    </ClInclude>
    <ClInclude Include="api\Logger.h">
      <Filter>Header Files</Filter>
    </ClInclude>
    <ClInclude Include="api\tcp_connect.h">
      <Filter>Header Files</Filter>
    </ClInclude>
    <ClInclude Include="api\WeatherAPI.h">
      <Filter>Header Files</Filter>
    </ClInclude>
    <ClInclude Include="basefuntion\BASE64.h">
      <Filter>Header Files</Filter>
    </ClInclude>
    <ClInclude Include="basefuntion\global.h">
      <Filter>Header Files</Filter>
    </ClInclude>
    <ClInclude Include="basefuntion\resource.h">
      <Filter>Header Files</Filter>
    </ClInclude>
    <ClInclude Include="basefuntion\stdafx.h">
      <Filter>Header Files</Filter>
    </ClInclude>
    <ClInclude Include="basefuntion\targetver.h">
      <Filter>Header Files</Filter>
    </ClInclude>
    <ClInclude Include="basefuntion\ZTECheckCode.h">
      <Filter>Header Files</Filter>
    </ClInclude>
    <ClInclude Include="http\resource.h">
      <Filter>Header Files</Filter>
    </ClInclude>
    <ClInclude Include="http\stdafx.h">
      <Filter>Header Files</Filter>
    </ClInclude>
    <ClInclude Include="http\targetver.h">
      <Filter>Header Files</Filter>
    </ClInclude>
    <ClInclude Include="http\curl\curl.h">
      <Filter>Header Files</Filter>
    </ClInclude>
    <ClInclude Include="http\curl\curlbuild.h">
      <Filter>Header Files</Filter>
    </ClInclude>
    <ClInclude Include="http\curl\curlrules.h">
      <Filter>Header Files</Filter>
    </ClInclude>
    <ClInclude Include="http\curl\curlver.h">
      <Filter>Header Files</Filter>
    </ClInclude>
    <ClInclude Include="http\curl\easy.h">
      <Filter>Header Files</Filter>
    </ClInclude>
    <ClInclude Include="http\curl\mprintf.h">
      <Filter>Header Files</Filter>
    </ClInclude>
    <ClInclude Include="http\curl\multi.h">
      <Filter>Header Files</Filter>
    </ClInclude>
    <ClInclude Include="http\curl\stdcheaders.h">
      <Filter>Header Files</Filter>
    </ClInclude>
    <ClInclude Include="http\curl\typecheck-gcc.h">
      <Filter>Header Files</Filter>
    </ClInclude>
    <ClInclude Include="logger\resource.h">
      <Filter>Header Files</Filter>
    </ClInclude>
    <ClInclude Include="logger\stdafx.h">
      <Filter>Header Files</Filter>
    </ClInclude>
    <ClInclude Include="logger\targetver.h">
      <Filter>Header Files</Filter>
    </ClInclude>
    <ClInclude Include="weather\resource.h">
      <Filter>Header Files</Filter>
    </ClInclude>
    <ClInclude Include="weather\stdafx.h">
      <Filter>Header Files</Filter>
    </ClInclude>
    <ClInclude Include="weather\targetver.h">
      <Filter>Header Files</Filter>
    </ClInclude>
    <ClInclude Include="weather\Weather.h">
      <Filter>Header Files</Filter>
    </ClInclude>
  </ItemGroup>
  <ItemGroup>
    <ResourceCompile Include="basefuntion\BaseFuntion.rc">
      <Filter>Resource Files</Filter>
    </ResourceCompile>
    <ResourceCompile Include="http\http.rc">
      <Filter>Resource Files</Filter>
    </ResourceCompile>
    <ResourceCompile Include="logger\Logger.rc">
      <Filter>Resource Files</Filter>
    </ResourceCompile>
    <ResourceCompile Include="weather\Weather.rc">
      <Filter>Resource Files</Filter>
    </ResourceCompile>
  </ItemGroup>
</Project>